<?xml version="1.0" encoding="UTF-8" standalone="yes" ?>
<CodeBlocks_project_file>
	<FileVersion major="1" minor="6" />
	<Project>
		<Option title="SDL Application" />
		<Option pch_mode="0" />
		<Option compiler="gcc" />
		<Build>
			<Target title="Linux GCC">
				<Option output="../astromenace" prefix_auto="0" extension_auto="0" />
				<Option working_dir=".." />
				<Option object_output="../build/objs2_linux_gcc" />
				<Option deps_output="../build/deps" />
				<Option type="0" />
				<Option compiler="gcc" />
				<Option projectResourceIncludeDirsRelation="1" />
				<Compiler>
					<Add option="-O2" />
					<Add option="-Wnon-virtual-dtor" />
					<Add option="-Wshadow" />
					<Add option="-Winit-self" />
					<Add option="-Wredundant-decls" />
					<Add option="-Wcast-align" />
					<Add option="-Winline" />
					<Add option="-Wunreachable-code" />
					<Add option="-Wmissing-include-dirs" />
					<Add option="-Wzero-as-null-pointer-constant" />
					<Add option="-Wmain" />
					<Add option="-Wextra" />
					<Add option="-Wall" />
					<Add option="-std=c++11" />
					<Add option="-fno-exceptions" />
					<Add option="-fno-rtti" />
					<Add directory="/usr/include/freetype2/" />
				</Compiler>
				<Linker>
					<Add library="SDL2" />
					<Add library="GL" />
					<Add library="GLU" />
					<Add library="openal" />
					<Add library="alut" />
					<Add library="ogg" />
					<Add library="vorbis" />
					<Add library="vorbisfile" />
					<Add library="freetype" />
					<Add library="fontconfig" />
					<Add library="X11" />
				</Linker>
			</Target>
			<Target title="Linux Clang">
				<Option output="../astromenace" prefix_auto="0" extension_auto="0" />
				<Option working_dir=".." />
				<Option object_output="../build/objs2_linux_clang" />
				<Option deps_output="../build/deps" />
				<Option type="0" />
				<Option compiler="clang_compiler" />
				<Option projectResourceIncludeDirsRelation="1" />
				<Compiler>
					<Add option="-O2" />
					<Add option="-Wnon-virtual-dtor" />
					<Add option="-Wshadow" />
					<Add option="-Winit-self" />
					<Add option="-Wredundant-decls" />
					<Add option="-Wcast-align" />
					<Add option="-Winline" />
					<Add option="-Wunreachable-code" />
					<Add option="-Wmissing-include-dirs" />
					<Add option="-Wzero-as-null-pointer-constant" />
					<Add option="-Wmain" />
					<Add option="-Wextra" />
					<Add option="-Wall" />
					<Add option="-std=c++11" />
					<Add option="-fno-exceptions" />
					<Add option="-fno-rtti" />
					<Add directory="/usr/include/freetype2/" />
				</Compiler>
				<Linker>
					<Add library="SDL2" />
					<Add library="GL" />
					<Add library="GLU" />
					<Add library="openal" />
					<Add library="alut" />
					<Add library="ogg" />
					<Add library="vorbis" />
					<Add library="vorbisfile" />
					<Add library="freetype" />
					<Add library="fontconfig" />
					<Add library="X11" />
				</Linker>
			</Target>
			<Target title="Windows MinGw">
				<Option output="../AstroMenace.exe" prefix_auto="0" extension_auto="0" />
				<Option working_dir="../" />
				<Option object_output="../build/objs2_win" />
				<Option deps_output="../build/deps" />
				<Option type="0" />
				<Option compiler="gcc" />
				<Option projectResourceIncludeDirsRelation="1" />
				<Compiler>
					<Add option="-Os" />
					<Add option="-Wextra" />
					<Add option="-Wall" />
					<Add option="-fno-exceptions" />
					<Add option="-fno-rtti" />
					<Add option="-D__GNUWIN32__" />
					<Add option="-DWIN32" />
					<Add option="-DOV_EXCLUDE_STATIC_CALLBACKS" />
					<Add directory="../AllLibraries/SDL2-2.0.3/i686-w64-mingw32/include" />
					<Add directory="../AllLibraries/libogg-1.3.1/include" />
					<Add directory="../AllLibraries/libvorbis-1.3.4/include" />
					<Add directory="../AllLibraries/freealut-1.1.0/include" />
					<Add directory="../AllLibraries/openal-soft-1.15.1/include" />
					<Add directory="../AllLibraries/freetype-2.5.3/include" />
				</Compiler>
				<Linker>
					<Add option="-static-libgcc" />
					<Add option="-static-libstdc++" />
					<Add library="mingw32" />
					<Add library="SDL2main" />
					<Add library="SDL2" />
					<Add library="opengl32" />
					<Add library="glu32" />
					<Add library="alut" />
					<Add library="ogg" />
					<Add library="vorbis" />
					<Add library="vorbisfile" />
					<Add library="OpenAL32" />
					<Add library="freetype" />
					<Add directory="../AllLibraries/SDL2-2.0.3/i686-w64-mingw32/lib/" />
					<Add directory="../AllLibraries/libogg-1.3.1/lib" />
					<Add directory="../AllLibraries/libvorbis-1.3.4/lib" />
					<Add directory="../AllLibraries/freealut-1.1.0/lib" />
					<Add directory="../AllLibraries/openal-soft-1.15.1/lib" />
					<Add directory="../AllLibraries/freetype-2.5.3/bin" />
				</Linker>
			</Target>
		</Build>
		<Unit filename="src/config.h" />
		<Unit filename="src/core/base.h" />
		<Unit filename="src/core/camera/camera.cpp" />
		<Unit filename="src/core/camera/camera.h" />
		<Unit filename="src/core/camera/camera_math.cpp" />
		<Unit filename="src/core/collision_detection/collision_detection.cpp" />
		<Unit filename="src/core/collision_detection/collision_detection.h" />
		<Unit filename="src/core/core.h" />
		<Unit filename="src/core/font/font.cpp" />
		<Unit filename="src/core/font/font.h" />
		<Unit filename="src/core/graphics/gl_draw2d.cpp" />
		<Unit filename="src/core/graphics/gl_draw3d.cpp" />
		<Unit filename="src/core/graphics/gl_fbo.cpp" />
		<Unit filename="src/core/graphics/gl_glsl.cpp" />
		<Unit filename="src/core/graphics/gl_light.cpp" />
		<Unit filename="src/core/graphics/gl_main.cpp" />
		<Unit filename="src/core/graphics/gl_matrix.cpp" />
		<Unit filename="src/core/graphics/gl_texture.cpp" />
		<Unit filename="src/core/graphics/gl_vao.cpp" />
		<Unit filename="src/core/graphics/gl_vbo.cpp" />
		<Unit filename="src/core/graphics/glext.h" />
		<Unit filename="src/core/graphics/graphics.h" />
		<Unit filename="src/core/graphics/misc.cpp" />
		<Unit filename="src/core/light/light.cpp" />
		<Unit filename="src/core/light/light.h" />
		<Unit filename="src/core/light/light_manager.cpp" />
		<Unit filename="src/core/math/math.cpp" />
		<Unit filename="src/core/math/math.h" />
		<Unit filename="src/core/math/matrix33.cpp" />
		<Unit filename="src/core/math/matrix44.cpp" />
		<Unit filename="src/core/math/rand.cpp" />
		<Unit filename="src/core/model3d/model3d.cpp" />
		<Unit filename="src/core/model3d/model3d.h" />
		<Unit filename="src/core/model3d/model3d_manager.cpp" />
		<Unit filename="src/core/model3d/vw3d.cpp" />
		<Unit filename="src/core/particle_system/particle.cpp" />
		<Unit filename="src/core/particle_system/particle.h" />
		<Unit filename="src/core/particle_system/particle_system.cpp" />
		<Unit filename="src/core/particle_system/particle_system.h" />
		<Unit filename="src/core/particle_system/particle_system_manager.cpp" />
		<Unit filename="src/core/particle_system2d/particle2d.cpp" />
		<Unit filename="src/core/particle_system2d/particle2d.h" />
		<Unit filename="src/core/particle_system2d/particle_system2d.cpp" />
		<Unit filename="src/core/particle_system2d/particle_system2d.h" />
		<Unit filename="src/core/sound/buffer.cpp" />
		<Unit filename="src/core/sound/buffer.h" />
		<Unit filename="src/core/sound/music.cpp" />
		<Unit filename="src/core/sound/sound.cpp" />
		<Unit filename="src/core/sound/sound.h" />
		<Unit filename="src/core/sound/sound_manager.cpp" />
		<Unit filename="src/core/system/keyboard.cpp" />
		<Unit filename="src/core/system/mouse.cpp" />
		<Unit filename="src/core/system/system.h" />
		<Unit filename="src/core/system/time_threads.cpp" />
		<Unit filename="src/core/text/text.cpp" />
		<Unit filename="src/core/text/text.h" />
		<Unit filename="src/core/texture/texture.cpp" />
		<Unit filename="src/core/texture/texture.h" />
		<Unit filename="src/core/texture/texture_tga.cpp" />
		<Unit filename="src/core/vfs/vfs.cpp" />
		<Unit filename="src/core/vfs/vfs.h" />
		<Unit filename="src/core/xml/xml.cpp" />
		<Unit filename="src/core/xml/xml.h" />
		<Unit filename="src/fs2vfs.cpp" />
		<Unit filename="src/game.h" />
		<Unit filename="src/game/game.cpp" />
		<Unit filename="src/game/game_camera.cpp" />
		<Unit filename="src/game/game_mission.cpp" />
		<Unit filename="src/game/game_player_ship.cpp" />
		<Unit filename="src/game/game_weapon_slot.cpp" />
		<Unit filename="src/gfx/game_level_text/game_level_text.cpp" />
		<Unit filename="src/gfx/game_level_text/game_level_text.h" />
		<Unit filename="src/gfx/game_level_text/game_level_text_manager.cpp" />
		<Unit filename="src/gfx/shadow_map.cpp" />
		<Unit filename="src/gfx/sky_box.cpp" />
		<Unit filename="src/gfx/space_stars/space_stars.cpp" />
		<Unit filename="src/gfx/space_stars/space_stars.h" />
		<Unit filename="src/gfx/space_stars/star.cpp" />
		<Unit filename="src/gfx/space_stars/star.h" />
		<Unit filename="src/gfx/star_system.cpp" />
		<Unit filename="src/loading.cpp" />
		<Unit filename="src/loop_audio.cpp" />
		<Unit filename="src/loop_proc.cpp" />
		<Unit filename="src/main.cpp" />
		<Unit filename="src/menu/button.cpp" />
		<Unit filename="src/menu/dialog.cpp" />
		<Unit filename="src/menu/menu.cpp" />
		<Unit filename="src/menu/menu_conf_control.cpp" />
		<Unit filename="src/menu/menu_credits.cpp" />
		<Unit filename="src/menu/menu_difficulty.cpp" />
		<Unit filename="src/menu/menu_information.cpp" />
		<Unit filename="src/menu/menu_interface.cpp" />
		<Unit filename="src/menu/menu_mission.cpp" />
		<Unit filename="src/menu/menu_options.cpp" />
		<Unit filename="src/menu/menu_options_adv.cpp" />
		<Unit filename="src/menu/menu_profile.cpp" />
		<Unit filename="src/menu/menu_top_scores.cpp" />
		<Unit filename="src/menu/menu_workshop.cpp" />
		<Unit filename="src/menu/menu_workshop_shipyard.cpp" />
		<Unit filename="src/menu/menu_workshop_weaponry.cpp" />
		<Unit filename="src/menu/menu_workshop_workshop.cpp" />
		<Unit filename="src/object3d/ai.cpp" />
		<Unit filename="src/object3d/explosion/bullet_explosion/bullet_explosion.cpp" />
		<Unit filename="src/object3d/explosion/bullet_explosion/bullet_explosion.h" />
		<Unit filename="src/object3d/explosion/explosion.cpp" />
		<Unit filename="src/object3d/explosion/explosion.h" />
		<Unit filename="src/object3d/explosion/explosion_gfx.cpp" />
		<Unit filename="src/object3d/explosion/explosion_manager.cpp" />
		<Unit filename="src/object3d/explosion/ground_explosion/ground_explosion.cpp" />
		<Unit filename="src/object3d/explosion/ground_explosion/ground_explosion.h" />
		<Unit filename="src/object3d/explosion/space_explosion/space_explosion.cpp" />
		<Unit filename="src/object3d/explosion/space_explosion/space_explosion.h" />
		<Unit filename="src/object3d/ground_object/building/building.cpp" />
		<Unit filename="src/object3d/ground_object/building/building.h" />
		<Unit filename="src/object3d/ground_object/ground_object.cpp" />
		<Unit filename="src/object3d/ground_object/ground_object.h" />
		<Unit filename="src/object3d/ground_object/ground_object_manager.cpp" />
		<Unit filename="src/object3d/ground_object/military_building/military_building.cpp" />
		<Unit filename="src/object3d/ground_object/military_building/military_building.h" />
		<Unit filename="src/object3d/ground_object/tracked/tracked.cpp" />
		<Unit filename="src/object3d/ground_object/tracked/tracked.h" />
		<Unit filename="src/object3d/ground_object/wheeled/wheeled.cpp" />
		<Unit filename="src/object3d/ground_object/wheeled/wheeled.h" />
		<Unit filename="src/object3d/object3_functions.cpp" />
		<Unit filename="src/object3d/object3d.cpp" />
		<Unit filename="src/object3d/object3d.h" />
		<Unit filename="src/object3d/object3d_collision.cpp" />
		<Unit filename="src/object3d/object3d_collision_math.cpp" />
		<Unit filename="src/object3d/object3d_manager.cpp" />
		<Unit filename="src/object3d/projectile/projectile.cpp" />
		<Unit filename="src/object3d/projectile/projectile.h" />
		<Unit filename="src/object3d/projectile/projectile_gfx.cpp" />
		<Unit filename="src/object3d/projectile/projectile_manager.cpp" />
		<Unit filename="src/object3d/space_object/asteroid/asteroid.cpp" />
		<Unit filename="src/object3d/space_object/asteroid/asteroid.h" />
		<Unit filename="src/object3d/space_object/base_part/base_part.cpp" />
		<Unit filename="src/object3d/space_object/base_part/base_part.h" />
		<Unit filename="src/object3d/space_object/big_asteroid/big_asteroid.cpp" />
		<Unit filename="src/object3d/space_object/big_asteroid/big_asteroid.h" />
		<Unit filename="src/object3d/space_object/planet/planet.cpp" />
		<Unit filename="src/object3d/space_object/planet/planet.h" />
		<Unit filename="src/object3d/space_object/ship_part/ship_part.cpp" />
		<Unit filename="src/object3d/space_object/ship_part/ship_part.h" />
		<Unit filename="src/object3d/space_object/space_object.cpp" />
		<Unit filename="src/object3d/space_object/space_object.h" />
		<Unit filename="src/object3d/space_object/space_object_gfx.cpp" />
		<Unit filename="src/object3d/space_object/space_object_manager.cpp" />
		<Unit filename="src/object3d/space_ship/alien_space_fighter/alien_space_fighter.cpp" />
		<Unit filename="src/object3d/space_ship/alien_space_fighter/alien_space_fighter.h" />
		<Unit filename="src/object3d/space_ship/alien_space_fighter/alien_space_fighter_gfx.cpp" />
		<Unit filename="src/object3d/space_ship/alien_space_mothership/alien_space_mothership.cpp" />
		<Unit filename="src/object3d/space_ship/alien_space_mothership/alien_space_mothership.h" />
		<Unit filename="src/object3d/space_ship/alien_space_mothership/alien_space_mothership_gfx.cpp" />
		<Unit filename="src/object3d/space_ship/earth_space_fighter/earth_space_fighter.cpp" />
		<Unit filename="src/object3d/space_ship/earth_space_fighter/earth_space_fighter.h" />
		<Unit filename="src/object3d/space_ship/earth_space_fighter/earth_space_fighter_armour.cpp" />
		<Unit filename="src/object3d/space_ship/earth_space_fighter/earth_space_fighter_gfx.cpp" />
		<Unit filename="src/object3d/space_ship/earth_space_fighter/earth_space_fighter_weapon.cpp" />
		<Unit filename="src/object3d/space_ship/pirate_ship/pirate_ship.cpp" />
		<Unit filename="src/object3d/space_ship/pirate_ship/pirate_ship.h" />
		<Unit filename="src/object3d/space_ship/pirate_ship/pirate_ship_engine.cpp" />
		<Unit filename="src/object3d/space_ship/space_ship.cpp" />
		<Unit filename="src/object3d/space_ship/space_ship.h" />
		<Unit filename="src/object3d/space_ship/space_ship_manager.cpp" />
		<Unit filename="src/object3d/weapon/weapon.cpp" />
		<Unit filename="src/object3d/weapon/weapon.h" />
		<Unit filename="src/object3d/weapon/weapon_functions.cpp" />
		<Unit filename="src/object3d/weapon/weapon_manager.cpp" />
		<Unit filename="src/script_engine/script.cpp" />
		<Unit filename="src/script_engine/script.h" />
		<Unit filename="src/script_engine/script_function.cpp" />
		<Unit filename="src/script_engine/setup.cpp" />
		<Unit filename="src/struct.h" />
		<Extensions>
			<envvars />
			<code_completion />
			<debugger />
			<DoxyBlocks>
				<comment_style block="0" line="1" />
				<doxyfile_project />
				<doxyfile_build />
				<doxyfile_warnings />
				<doxyfile_output />
				<doxyfile_dot />
				<general />
			</DoxyBlocks>
		</Extensions>
	</Project>
</CodeBlocks_project_file>
