<?xml version="1.0" encoding="UTF-8" standalone="yes" ?>
<CodeBlocks_project_file>
	<FileVersion major="1" minor="6" />
	<Project>
		<Option title="SDL Application" />
		<Option pch_mode="0" />
		<Option compiler="gcc" />
		<Build>
			<Target title="Linux GCC">
				<Option output="../AstroMenace" prefix_auto="0" extension_auto="0" />
				<Option working_dir="../" />
				<Option object_output="../build/objs2" />
				<Option deps_output="../build/deps" />
				<Option type="1" />
				<Option compiler="gcc" />
				<Option projectResourceIncludeDirsRelation="1" />
				<Compiler>
					<Add option="-fomit-frame-pointer" />
					<Add option="-fexpensive-optimizations" />
					<Add option="-Os" />
					<Add option="-O3" />
					<Add option="-O2" />
					<Add option="-O1" />
					<Add option="-O" />
					<Add option="-Wextra" />
					<Add option="-Wall" />
					<Add directory="/usr/include/freetype2/" />
				</Compiler>
				<Linker>
					<Add option="-s" />
					<Add library="SDL" />
					<Add library="GL" />
					<Add library="GLU" />
					<Add library="openal" />
					<Add library="alut" />
					<Add library="ogg" />
					<Add library="vorbis" />
					<Add library="vorbisfile" />
					<Add library="Xinerama" />
					<Add library="freetype" />
				</Linker>
			</Target>
			<Target title="Windows MinGw">
				<Option output="../AstroMenace.exe" prefix_auto="0" extension_auto="0" />
				<Option working_dir="../" />
				<Option object_output="../build/objs2_win" />
				<Option deps_output="../build/deps" />
				<Option type="0" />
				<Option compiler="gcc" />
				<Option projectResourceIncludeDirsRelation="1" />
				<Compiler>
					<Add option="-fomit-frame-pointer" />
					<Add option="-fexpensive-optimizations" />
					<Add option="-Os" />
					<Add option="-O3" />
					<Add option="-O2" />
					<Add option="-O1" />
					<Add option="-O" />
					<Add option="-Wall" />
					<Add option="-D__GNUWIN32__" />
					<Add option="-DWIN32" />
					<Add option="-DOV_EXCLUDE_STATIC_CALLBACKS" />
					<Add directory="../AllLibraries/SDL-1.2.15/include" />
					<Add directory="../AllLibraries/libogg-1.3.0/include" />
					<Add directory="../AllLibraries/libvorbis-1.3.3/include" />
					<Add directory="../AllLibraries/freealut-1.1.0/include" />
					<Add directory="../AllLibraries/openal-soft-1.14/include" />
					<Add directory="../AllLibraries/freetype-2.4.10/include" />
				</Compiler>
				<Linker>
					<Add option="-s" />
					<Add library="mingw32" />
					<Add library="SDLmain" />
					<Add library="SDL" />
					<Add library="opengl32" />
					<Add library="glu32" />
					<Add library="alut" />
					<Add library="ogg" />
					<Add library="vorbis" />
					<Add library="vorbisfile" />
					<Add library="OpenAL32" />
					<Add library="freetype" />
					<Add directory="../AllLibraries/SDL-1.2.15/lib" />
					<Add directory="../AllLibraries/libogg-1.3.0/lib" />
					<Add directory="../AllLibraries/libvorbis-1.3.3/lib" />
					<Add directory="../AllLibraries/freealut-1.1.0/lib" />
					<Add directory="../AllLibraries/openal-soft-1.14/lib" />
					<Add directory="../AllLibraries/freetype-2.4.10/bin" />
				</Linker>
			</Target>
		</Build>
		<Unit filename="AstroMenaceSource/Core/Base.h" />
		<Unit filename="AstroMenaceSource/Core/Camera/Camera.cpp" />
		<Unit filename="AstroMenaceSource/Core/Camera/Camera.h" />
		<Unit filename="AstroMenaceSource/Core/Camera/CameraMath.cpp" />
		<Unit filename="AstroMenaceSource/Core/CollisionDetection/AABB.cpp" />
		<Unit filename="AstroMenaceSource/Core/CollisionDetection/CollisionDetection.h" />
		<Unit filename="AstroMenaceSource/Core/CollisionDetection/CommonMath.cpp" />
		<Unit filename="AstroMenaceSource/Core/CollisionDetection/OBB.cpp" />
		<Unit filename="AstroMenaceSource/Core/CollisionDetection/Sphere.cpp" />
		<Unit filename="AstroMenaceSource/Core/Core.h" />
		<Unit filename="AstroMenaceSource/Core/Font/Font.cpp" />
		<Unit filename="AstroMenaceSource/Core/Font/Font.h" />
		<Unit filename="AstroMenaceSource/Core/Font/FontManager.cpp" />
		<Unit filename="AstroMenaceSource/Core/Light/Light.cpp" />
		<Unit filename="AstroMenaceSource/Core/Light/Light.h" />
		<Unit filename="AstroMenaceSource/Core/Light/LightManager.cpp" />
		<Unit filename="AstroMenaceSource/Core/Math/Math.cpp" />
		<Unit filename="AstroMenaceSource/Core/Math/Math.h" />
		<Unit filename="AstroMenaceSource/Core/Math/Matrix33.cpp" />
		<Unit filename="AstroMenaceSource/Core/Math/Matrix44.cpp" />
		<Unit filename="AstroMenaceSource/Core/Math/MersenneTwister.h" />
		<Unit filename="AstroMenaceSource/Core/Model3D/Model3D.cpp" />
		<Unit filename="AstroMenaceSource/Core/Model3D/Model3D.h" />
		<Unit filename="AstroMenaceSource/Core/Model3D/Model3DManager.cpp" />
		<Unit filename="AstroMenaceSource/Core/Model3D/VW3D.cpp" />
		<Unit filename="AstroMenaceSource/Core/ParticleSystem/Particle.cpp" />
		<Unit filename="AstroMenaceSource/Core/ParticleSystem/Particle.h" />
		<Unit filename="AstroMenaceSource/Core/ParticleSystem/ParticleSystem.cpp" />
		<Unit filename="AstroMenaceSource/Core/ParticleSystem/ParticleSystem.h" />
		<Unit filename="AstroMenaceSource/Core/ParticleSystem/ParticleSystemManager.cpp" />
		<Unit filename="AstroMenaceSource/Core/ParticleSystem2D/Particle2D.cpp" />
		<Unit filename="AstroMenaceSource/Core/ParticleSystem2D/Particle2D.h" />
		<Unit filename="AstroMenaceSource/Core/ParticleSystem2D/ParticleSystem2D.cpp" />
		<Unit filename="AstroMenaceSource/Core/ParticleSystem2D/ParticleSystem2D.h" />
		<Unit filename="AstroMenaceSource/Core/RendererInterface/GLext.h" />
		<Unit filename="AstroMenaceSource/Core/RendererInterface/OGL_Draw2D.cpp" />
		<Unit filename="AstroMenaceSource/Core/RendererInterface/OGL_Draw3D.cpp" />
		<Unit filename="AstroMenaceSource/Core/RendererInterface/OGL_FBO.cpp" />
		<Unit filename="AstroMenaceSource/Core/RendererInterface/OGL_GLSL.cpp" />
		<Unit filename="AstroMenaceSource/Core/RendererInterface/OGL_Light.cpp" />
		<Unit filename="AstroMenaceSource/Core/RendererInterface/OGL_Main.cpp" />
		<Unit filename="AstroMenaceSource/Core/RendererInterface/OGL_Matrix.cpp" />
		<Unit filename="AstroMenaceSource/Core/RendererInterface/OGL_OcclusionQuery.cpp" />
		<Unit filename="AstroMenaceSource/Core/RendererInterface/OGL_Texture.cpp" />
		<Unit filename="AstroMenaceSource/Core/RendererInterface/OGL_VAO.cpp" />
		<Unit filename="AstroMenaceSource/Core/RendererInterface/OGL_VBO.cpp" />
		<Unit filename="AstroMenaceSource/Core/RendererInterface/RI_Int.cpp" />
		<Unit filename="AstroMenaceSource/Core/RendererInterface/RendererInterface.h" />
		<Unit filename="AstroMenaceSource/Core/Sound/Buffer.cpp" />
		<Unit filename="AstroMenaceSource/Core/Sound/Buffer.h" />
		<Unit filename="AstroMenaceSource/Core/Sound/Music.cpp" />
		<Unit filename="AstroMenaceSource/Core/Sound/Sound.cpp" />
		<Unit filename="AstroMenaceSource/Core/Sound/Sound.h" />
		<Unit filename="AstroMenaceSource/Core/Sound/SoundManager.cpp" />
		<Unit filename="AstroMenaceSource/Core/System/Keyboard.cpp" />
		<Unit filename="AstroMenaceSource/Core/System/Languages/de.cpp" />
		<Unit filename="AstroMenaceSource/Core/System/Languages/en.cpp" />
		<Unit filename="AstroMenaceSource/Core/System/Languages/ru.cpp" />
		<Unit filename="AstroMenaceSource/Core/System/Mouse.cpp" />
		<Unit filename="AstroMenaceSource/Core/System/System.cpp" />
		<Unit filename="AstroMenaceSource/Core/System/System.h" />
		<Unit filename="AstroMenaceSource/Core/System/Timer.cpp" />
		<Unit filename="AstroMenaceSource/Core/Text/Text.cpp" />
		<Unit filename="AstroMenaceSource/Core/Text/Text.h" />
		<Unit filename="AstroMenaceSource/Core/Texture/Texture.cpp" />
		<Unit filename="AstroMenaceSource/Core/Texture/Texture.h" />
		<Unit filename="AstroMenaceSource/Core/Texture/TextureManager.cpp" />
		<Unit filename="AstroMenaceSource/Core/Texture/Texture_JPG.cpp" />
		<Unit filename="AstroMenaceSource/Core/Texture/Texture_PNG.cpp" />
		<Unit filename="AstroMenaceSource/Core/Texture/Texture_TGA.cpp" />
		<Unit filename="AstroMenaceSource/Core/VirtualFileSystem/Haff.cpp" />
		<Unit filename="AstroMenaceSource/Core/VirtualFileSystem/RLE.cpp" />
		<Unit filename="AstroMenaceSource/Core/VirtualFileSystem/VFS.cpp" />
		<Unit filename="AstroMenaceSource/Core/VirtualFileSystem/VFS.h" />
		<Unit filename="AstroMenaceSource/Core/XML/XML.cpp" />
		<Unit filename="AstroMenaceSource/Core/XML/XML.h" />
		<Unit filename="AstroMenaceSource/Game.h" />
		<Unit filename="AstroMenaceSource/Game/Game.cpp" />
		<Unit filename="AstroMenaceSource/Game/Game_Camera.cpp" />
		<Unit filename="AstroMenaceSource/Game/Game_Mission.cpp" />
		<Unit filename="AstroMenaceSource/Game/Game_Options.cpp" />
		<Unit filename="AstroMenaceSource/Game/Game_PlayerShip.cpp" />
		<Unit filename="AstroMenaceSource/Game/Game_WeaponSlot.cpp" />
		<Unit filename="AstroMenaceSource/GraphicFX/GameLvlText/GameLvlText.cpp" />
		<Unit filename="AstroMenaceSource/GraphicFX/GameLvlText/GameLvlText.h" />
		<Unit filename="AstroMenaceSource/GraphicFX/GameLvlText/GameLvlTextManager.cpp" />
		<Unit filename="AstroMenaceSource/GraphicFX/ShadowMap.cpp" />
		<Unit filename="AstroMenaceSource/GraphicFX/SkyBox.cpp" />
		<Unit filename="AstroMenaceSource/GraphicFX/SpaceStars/SpaceStars.cpp" />
		<Unit filename="AstroMenaceSource/GraphicFX/SpaceStars/SpaceStars.h" />
		<Unit filename="AstroMenaceSource/GraphicFX/SpaceStars/Star.cpp" />
		<Unit filename="AstroMenaceSource/GraphicFX/SpaceStars/Star.h" />
		<Unit filename="AstroMenaceSource/GraphicFX/StarSystem.cpp" />
		<Unit filename="AstroMenaceSource/Loading.cpp" />
		<Unit filename="AstroMenaceSource/Loop_audio.cpp" />
		<Unit filename="AstroMenaceSource/Loop_proc.cpp" />
		<Unit filename="AstroMenaceSource/Main.cpp" />
		<Unit filename="AstroMenaceSource/MainFS2VFS.cpp" />
		<Unit filename="AstroMenaceSource/Menu/Button.cpp" />
		<Unit filename="AstroMenaceSource/Menu/Dialog.cpp" />
		<Unit filename="AstroMenaceSource/Menu/Menu.cpp" />
		<Unit filename="AstroMenaceSource/Menu/Menu_ConfControl.cpp" />
		<Unit filename="AstroMenaceSource/Menu/Menu_Credits.cpp" />
		<Unit filename="AstroMenaceSource/Menu/Menu_Difficulty.cpp" />
		<Unit filename="AstroMenaceSource/Menu/Menu_Information.cpp" />
		<Unit filename="AstroMenaceSource/Menu/Menu_Interface.cpp" />
		<Unit filename="AstroMenaceSource/Menu/Menu_Mission.cpp" />
		<Unit filename="AstroMenaceSource/Menu/Menu_Options.cpp" />
		<Unit filename="AstroMenaceSource/Menu/Menu_OptionsAdv.cpp" />
		<Unit filename="AstroMenaceSource/Menu/Menu_Profile.cpp" />
		<Unit filename="AstroMenaceSource/Menu/Menu_TopScores.cpp" />
		<Unit filename="AstroMenaceSource/Menu/Menu_Workshop.cpp" />
		<Unit filename="AstroMenaceSource/Menu/Menu_Workshop_Shipyard.cpp" />
		<Unit filename="AstroMenaceSource/Menu/Menu_Workshop_Weaponry.cpp" />
		<Unit filename="AstroMenaceSource/Menu/Menu_Workshop_Workshop.cpp" />
		<Unit filename="AstroMenaceSource/Object3D/AI.cpp" />
		<Unit filename="AstroMenaceSource/Object3D/Explosion/BulletExplosion/BulletExplosion.cpp" />
		<Unit filename="AstroMenaceSource/Object3D/Explosion/BulletExplosion/BulletExplosion.h" />
		<Unit filename="AstroMenaceSource/Object3D/Explosion/Explosion.cpp" />
		<Unit filename="AstroMenaceSource/Object3D/Explosion/Explosion.h" />
		<Unit filename="AstroMenaceSource/Object3D/Explosion/ExplosionGFX.cpp" />
		<Unit filename="AstroMenaceSource/Object3D/Explosion/ExplosionManager.cpp" />
		<Unit filename="AstroMenaceSource/Object3D/Explosion/GroundExplosion/GroundExplosion.cpp" />
		<Unit filename="AstroMenaceSource/Object3D/Explosion/GroundExplosion/GroundExplosion.h" />
		<Unit filename="AstroMenaceSource/Object3D/Explosion/SpaceExplosion/SpaceExplosion.cpp" />
		<Unit filename="AstroMenaceSource/Object3D/Explosion/SpaceExplosion/SpaceExplosion.h" />
		<Unit filename="AstroMenaceSource/Object3D/GroundObject/Building/Building.cpp" />
		<Unit filename="AstroMenaceSource/Object3D/GroundObject/Building/Building.h" />
		<Unit filename="AstroMenaceSource/Object3D/GroundObject/GroundObject.cpp" />
		<Unit filename="AstroMenaceSource/Object3D/GroundObject/GroundObject.h" />
		<Unit filename="AstroMenaceSource/Object3D/GroundObject/GroundObjectManager.cpp" />
		<Unit filename="AstroMenaceSource/Object3D/GroundObject/MilitaryBuilding/MilitaryBuilding.cpp" />
		<Unit filename="AstroMenaceSource/Object3D/GroundObject/MilitaryBuilding/MilitaryBuilding.h" />
		<Unit filename="AstroMenaceSource/Object3D/GroundObject/Tracked/Tracked.cpp" />
		<Unit filename="AstroMenaceSource/Object3D/GroundObject/Tracked/Tracked.h" />
		<Unit filename="AstroMenaceSource/Object3D/GroundObject/Wheeled/Wheeled.cpp" />
		<Unit filename="AstroMenaceSource/Object3D/GroundObject/Wheeled/Wheeled.h" />
		<Unit filename="AstroMenaceSource/Object3D/Object3D.cpp" />
		<Unit filename="AstroMenaceSource/Object3D/Object3D.h" />
		<Unit filename="AstroMenaceSource/Object3D/Object3DCollision.cpp" />
		<Unit filename="AstroMenaceSource/Object3D/Object3DCollisionMath.cpp" />
		<Unit filename="AstroMenaceSource/Object3D/Object3DFunctions.cpp" />
		<Unit filename="AstroMenaceSource/Object3D/Object3DManager.cpp" />
		<Unit filename="AstroMenaceSource/Object3D/Projectile/Projectile.cpp" />
		<Unit filename="AstroMenaceSource/Object3D/Projectile/Projectile.h" />
		<Unit filename="AstroMenaceSource/Object3D/Projectile/ProjectileGFX.cpp" />
		<Unit filename="AstroMenaceSource/Object3D/Projectile/ProjectileManager.cpp" />
		<Unit filename="AstroMenaceSource/Object3D/SpaceObject/Asteroid/Asteroid.cpp" />
		<Unit filename="AstroMenaceSource/Object3D/SpaceObject/Asteroid/Asteroid.h" />
		<Unit filename="AstroMenaceSource/Object3D/SpaceObject/BasePart/BasePart.cpp" />
		<Unit filename="AstroMenaceSource/Object3D/SpaceObject/BasePart/BasePart.h" />
		<Unit filename="AstroMenaceSource/Object3D/SpaceObject/BigAsteroid/BigAsteroid.cpp" />
		<Unit filename="AstroMenaceSource/Object3D/SpaceObject/BigAsteroid/BigAsteroid.h" />
		<Unit filename="AstroMenaceSource/Object3D/SpaceObject/Planet/Planet.cpp" />
		<Unit filename="AstroMenaceSource/Object3D/SpaceObject/Planet/Planet.h" />
		<Unit filename="AstroMenaceSource/Object3D/SpaceObject/ShipPart/ShipPart.cpp" />
		<Unit filename="AstroMenaceSource/Object3D/SpaceObject/ShipPart/ShipPart.h" />
		<Unit filename="AstroMenaceSource/Object3D/SpaceObject/SpaceObject.cpp" />
		<Unit filename="AstroMenaceSource/Object3D/SpaceObject/SpaceObject.h" />
		<Unit filename="AstroMenaceSource/Object3D/SpaceObject/SpaceObjectGFX.cpp" />
		<Unit filename="AstroMenaceSource/Object3D/SpaceObject/SpaceObjectManager.cpp" />
		<Unit filename="AstroMenaceSource/Object3D/SpaceShip/AlienSpaceFighter/AlienSpaceFighter.cpp" />
		<Unit filename="AstroMenaceSource/Object3D/SpaceShip/AlienSpaceFighter/AlienSpaceFighter.h" />
		<Unit filename="AstroMenaceSource/Object3D/SpaceShip/AlienSpaceFighter/AlienSpaceFighterEngine.cpp" />
		<Unit filename="AstroMenaceSource/Object3D/SpaceShip/AlienSpaceMotherShip/AlienSpaceMotherShip.cpp" />
		<Unit filename="AstroMenaceSource/Object3D/SpaceShip/AlienSpaceMotherShip/AlienSpaceMotherShip.h" />
		<Unit filename="AstroMenaceSource/Object3D/SpaceShip/AlienSpaceMotherShip/AlienSpaceMotherShipEngine.cpp" />
		<Unit filename="AstroMenaceSource/Object3D/SpaceShip/EarthSpaceFighter/EarthSpaceFighter.cpp" />
		<Unit filename="AstroMenaceSource/Object3D/SpaceShip/EarthSpaceFighter/EarthSpaceFighter.h" />
		<Unit filename="AstroMenaceSource/Object3D/SpaceShip/EarthSpaceFighter/EarthSpaceFighterArmour.cpp" />
		<Unit filename="AstroMenaceSource/Object3D/SpaceShip/EarthSpaceFighter/EarthSpaceFighterEngine.cpp" />
		<Unit filename="AstroMenaceSource/Object3D/SpaceShip/EarthSpaceFighter/EarthSpaceFighterWeapon.cpp" />
		<Unit filename="AstroMenaceSource/Object3D/SpaceShip/PirateShip/PirateShip.cpp" />
		<Unit filename="AstroMenaceSource/Object3D/SpaceShip/PirateShip/PirateShip.h" />
		<Unit filename="AstroMenaceSource/Object3D/SpaceShip/PirateShip/PirateShipEngine.cpp" />
		<Unit filename="AstroMenaceSource/Object3D/SpaceShip/SpaceShip.cpp" />
		<Unit filename="AstroMenaceSource/Object3D/SpaceShip/SpaceShip.h" />
		<Unit filename="AstroMenaceSource/Object3D/SpaceShip/SpaceShipManager.cpp" />
		<Unit filename="AstroMenaceSource/Object3D/Weapon/Weapon.cpp" />
		<Unit filename="AstroMenaceSource/Object3D/Weapon/Weapon.h" />
		<Unit filename="AstroMenaceSource/Object3D/Weapon/WeaponFunctions.cpp" />
		<Unit filename="AstroMenaceSource/Object3D/Weapon/WeaponManager.cpp" />
		<Unit filename="AstroMenaceSource/ScriptEngine/Script.cpp" />
		<Unit filename="AstroMenaceSource/ScriptEngine/Script.h" />
		<Unit filename="AstroMenaceSource/ScriptEngine/ScriptFunction.cpp" />
		<Unit filename="AstroMenaceSource/ScriptEngine/Setup.cpp" />
		<Unit filename="AstroMenaceSource/Struct.h" />
		<Unit filename="AstroMenaceSource/config.h" />
		<Extensions>
			<envvars />
			<code_completion />
			<debugger />
		</Extensions>
	</Project>
</CodeBlocks_project_file>
