<?xml version="1.0" encoding="UTF-8" standalone="yes" ?>
<CodeBlocks_project_file>
	<FileVersion major="1" minor="6" />
	<Project>
		<Option title="SDL Application" />
		<Option pch_mode="0" />
		<Option compiler="gcc" />
		<Build>
			<Target title="default">
				<Option output="../../../bin/AstroMenace" prefix_auto="0" extension_auto="0" />
				<Option working_dir="../../../bin/" />
				<Option object_output="../../../build/objs2" />
				<Option deps_output="../build/deps" />
				<Option type="1" />
				<Option compiler="gcc" />
				<Option projectResourceIncludeDirsRelation="1" />
				<Compiler>
					<Add option="-fexpensive-optimizations" />
					<Add option="-Os" />
					<Add option="-O3" />
					<Add option="-O2" />
					<Add option="-O1" />
					<Add option="-O" />
					<Add directory="../../../libs/SDL_1.2.9_linux/include" />
				</Compiler>
				<Linker>
					<Add option="-s" />
					<Add library="SDL" />
					<Add library="GL" />
					<Add library="GLU" />
					<Add library="openal" />
					<Add library="alut" />
					<Add library="ogg" />
					<Add library="vorbis" />
					<Add library="vorbisfile" />
					<Add library="jpeg" />
					<Add directory="../../../libs/SDL_1.2.9_linux/lib" />
				</Linker>
			</Target>
		</Build>
		<VirtualTargets>
			<Add alias="All" targets="default;" />
		</VirtualTargets>
		<Unit filename="../BackGround/SkyBox.cpp" />
		<Unit filename="../BackGround/StarSystem.cpp" />
		<Unit filename="../Camera/GameCamera.cpp" />
		<Unit filename="../Core/Base.h" />
		<Unit filename="../Core/Camera/Camera.cpp" />
		<Unit filename="../Core/Camera/Camera.h" />
		<Unit filename="../Core/Camera/CameraMath.cpp" />
		<Unit filename="../Core/CollisionDetection/AABB.cpp" />
		<Unit filename="../Core/CollisionDetection/CollisionDetection.h" />
		<Unit filename="../Core/CollisionDetection/CommonMath.cpp" />
		<Unit filename="../Core/CollisionDetection/OBB.cpp" />
		<Unit filename="../Core/CollisionDetection/Sphere.cpp" />
		<Unit filename="../Core/Core.h" />
		<Unit filename="../Core/Light/Light.cpp" />
		<Unit filename="../Core/Light/Light.h" />
		<Unit filename="../Core/Light/LightManager.cpp" />
		<Unit filename="../Core/Math/Math.cpp" />
		<Unit filename="../Core/Math/Math.h" />
		<Unit filename="../Core/Math/Matrix33.cpp" />
		<Unit filename="../Core/Math/Matrix44.cpp" />
		<Unit filename="../Core/Math/MersenneTwister.h" />
		<Unit filename="../Core/Model3D/Model3D.cpp" />
		<Unit filename="../Core/Model3D/Model3D.h" />
		<Unit filename="../Core/Model3D/Model3DManager.cpp" />
		<Unit filename="../Core/Model3D/VW3D.cpp" />
		<Unit filename="../Core/Parser/TinyXML/tinystr.cpp" />
		<Unit filename="../Core/Parser/TinyXML/tinystr.h" />
		<Unit filename="../Core/Parser/TinyXML/tinyxml.cpp" />
		<Unit filename="../Core/Parser/TinyXML/tinyxml.h" />
		<Unit filename="../Core/Parser/TinyXML/tinyxmlerror.cpp" />
		<Unit filename="../Core/Parser/TinyXML/tinyxmlparser.cpp" />
		<Unit filename="../Core/ParticleSystem/Particle.cpp" />
		<Unit filename="../Core/ParticleSystem/Particle.h" />
		<Unit filename="../Core/ParticleSystem/ParticleSystem.cpp" />
		<Unit filename="../Core/ParticleSystem/ParticleSystem.h" />
		<Unit filename="../Core/ParticleSystem/ParticleSystemManager.cpp" />
		<Unit filename="../Core/ParticleSystem2D/Particle2D.cpp" />
		<Unit filename="../Core/ParticleSystem2D/Particle2D.h" />
		<Unit filename="../Core/ParticleSystem2D/ParticleSystem2D.cpp" />
		<Unit filename="../Core/ParticleSystem2D/ParticleSystem2D.h" />
		<Unit filename="../Core/RendererInterface/GLext.h" />
		<Unit filename="../Core/RendererInterface/OGL_Draw2D.cpp" />
		<Unit filename="../Core/RendererInterface/OGL_Draw3D.cpp" />
		<Unit filename="../Core/RendererInterface/OGL_GLSL.cpp" />
		<Unit filename="../Core/RendererInterface/OGL_Light.cpp" />
		<Unit filename="../Core/RendererInterface/OGL_Main.cpp" />
		<Unit filename="../Core/RendererInterface/OGL_Matrix.cpp" />
		<Unit filename="../Core/RendererInterface/OGL_OcclusionQuery.cpp" />
		<Unit filename="../Core/RendererInterface/OGL_Texture.cpp" />
		<Unit filename="../Core/RendererInterface/OGL_VBO.cpp" />
		<Unit filename="../Core/RendererInterface/RI_Int.cpp" />
		<Unit filename="../Core/RendererInterface/RendererInterface.h" />
		<Unit filename="../Core/Sound/Buffer.cpp" />
		<Unit filename="../Core/Sound/Buffer.h" />
		<Unit filename="../Core/Sound/Music.cpp" />
		<Unit filename="../Core/Sound/Sound.cpp" />
		<Unit filename="../Core/Sound/Sound.h" />
		<Unit filename="../Core/Sound/SoundManager.cpp" />
		<Unit filename="../Core/System/Keyboard.cpp" />
		<Unit filename="../Core/System/Languages/de.cpp" />
		<Unit filename="../Core/System/Languages/en.cpp" />
		<Unit filename="../Core/System/Languages/ru.cpp" />
		<Unit filename="../Core/System/Mouse.cpp" />
		<Unit filename="../Core/System/System.cpp" />
		<Unit filename="../Core/System/System.h" />
		<Unit filename="../Core/System/Timer.cpp" />
		<Unit filename="../Core/Texture/Texture.cpp" />
		<Unit filename="../Core/Texture/Texture.h" />
		<Unit filename="../Core/Texture/TextureManager.cpp" />
		<Unit filename="../Core/Texture/Texture_JPG.cpp" />
		<Unit filename="../Core/Texture/Texture_TGA.cpp" />
		<Unit filename="../Core/VirtualFileSystem/Haff.cpp" />
		<Unit filename="../Core/VirtualFileSystem/RLE.cpp" />
		<Unit filename="../Core/VirtualFileSystem/VFS.cpp" />
		<Unit filename="../Core/VirtualFileSystem/VFS.h" />
		<Unit filename="../Defines.h" />
		<Unit filename="../Game.h" />
		<Unit filename="../Game/Game.cpp" />
		<Unit filename="../Game/Game_Mission.cpp" />
		<Unit filename="../Game/Game_Options.cpp" />
		<Unit filename="../Game/Game_PlayerShip.cpp" />
		<Unit filename="../Game/Game_WeaponSlot.cpp" />
		<Unit filename="../GraphicFX/SpaceStars/SpaceStars.cpp" />
		<Unit filename="../GraphicFX/SpaceStars/SpaceStars.h" />
		<Unit filename="../GraphicFX/SpaceStars/Star.cpp" />
		<Unit filename="../GraphicFX/SpaceStars/Star.h" />
		<Unit filename="../GraphicFX/Text/Text.cpp" />
		<Unit filename="../GraphicFX/Text/Text.h" />
		<Unit filename="../GraphicFX/Text/TextManager.cpp" />
		<Unit filename="../Loading.cpp" />
		<Unit filename="../Loop_audio.cpp" />
		<Unit filename="../Loop_proc.cpp" />
		<Unit filename="../Main.cpp" />
		<Unit filename="../Menu/Button.cpp" />
		<Unit filename="../Menu/Dialog.cpp" />
		<Unit filename="../Menu/Font.cpp" />
		<Unit filename="../Menu/Font3D.cpp" />
		<Unit filename="../Menu/Menu.cpp" />
		<Unit filename="../Menu/Menu_ConfControl.cpp" />
		<Unit filename="../Menu/Menu_Credits.cpp" />
		<Unit filename="../Menu/Menu_Demo.cpp" />
		<Unit filename="../Menu/Menu_Difficulty.cpp" />
		<Unit filename="../Menu/Menu_Information.cpp" />
		<Unit filename="../Menu/Menu_Mission.cpp" />
		<Unit filename="../Menu/Menu_Options.cpp" />
		<Unit filename="../Menu/Menu_OptionsAdv.cpp" />
		<Unit filename="../Menu/Menu_Profile.cpp" />
		<Unit filename="../Menu/Menu_TopScores.cpp" />
		<Unit filename="../Menu/Menu_Workshop.cpp" />
		<Unit filename="../Menu/Menu_Workshop_Shipyard.cpp" />
		<Unit filename="../Menu/Menu_Workshop_Weaponry.cpp" />
		<Unit filename="../Menu/Menu_Workshop_Workshop.cpp" />
		<Unit filename="../Object3D/AI.cpp" />
		<Unit filename="../Object3D/Explosion/BulletExplosion/BulletExplosion.cpp" />
		<Unit filename="../Object3D/Explosion/BulletExplosion/BulletExplosion.h" />
		<Unit filename="../Object3D/Explosion/Explosion.cpp" />
		<Unit filename="../Object3D/Explosion/Explosion.h" />
		<Unit filename="../Object3D/Explosion/ExplosionGFX.cpp" />
		<Unit filename="../Object3D/Explosion/ExplosionManager.cpp" />
		<Unit filename="../Object3D/Explosion/GroundExplosion/GroundExplosion.cpp" />
		<Unit filename="../Object3D/Explosion/GroundExplosion/GroundExplosion.h" />
		<Unit filename="../Object3D/Explosion/SpaceExplosion/SpaceExplosion.cpp" />
		<Unit filename="../Object3D/Explosion/SpaceExplosion/SpaceExplosion.h" />
		<Unit filename="../Object3D/GroundObject/Building/Building.cpp" />
		<Unit filename="../Object3D/GroundObject/Building/Building.h" />
		<Unit filename="../Object3D/GroundObject/GroundObject.cpp" />
		<Unit filename="../Object3D/GroundObject/GroundObject.h" />
		<Unit filename="../Object3D/GroundObject/GroundObjectManager.cpp" />
		<Unit filename="../Object3D/GroundObject/MilitaryBuilding/MilitaryBuilding.cpp" />
		<Unit filename="../Object3D/GroundObject/MilitaryBuilding/MilitaryBuilding.h" />
		<Unit filename="../Object3D/GroundObject/Tracked/Tracked.cpp" />
		<Unit filename="../Object3D/GroundObject/Tracked/Tracked.h" />
		<Unit filename="../Object3D/GroundObject/Wheeled/Wheeled.cpp" />
		<Unit filename="../Object3D/GroundObject/Wheeled/Wheeled.h" />
		<Unit filename="../Object3D/Object3D.cpp" />
		<Unit filename="../Object3D/Object3D.h" />
		<Unit filename="../Object3D/Object3DCollision.cpp" />
		<Unit filename="../Object3D/Object3DCollisionMath.cpp" />
		<Unit filename="../Object3D/Object3DFunctions.cpp" />
		<Unit filename="../Object3D/Object3DManager.cpp" />
		<Unit filename="../Object3D/Projectile/Projectile.cpp" />
		<Unit filename="../Object3D/Projectile/Projectile.h" />
		<Unit filename="../Object3D/Projectile/ProjectileGFX.cpp" />
		<Unit filename="../Object3D/Projectile/ProjectileManager.cpp" />
		<Unit filename="../Object3D/SpaceObject/Asteroid/Asteroid.cpp" />
		<Unit filename="../Object3D/SpaceObject/Asteroid/Asteroid.h" />
		<Unit filename="../Object3D/SpaceObject/BasePart/BasePart.cpp" />
		<Unit filename="../Object3D/SpaceObject/BasePart/BasePart.h" />
		<Unit filename="../Object3D/SpaceObject/BigAsteroid/BigAsteroid.cpp" />
		<Unit filename="../Object3D/SpaceObject/BigAsteroid/BigAsteroid.h" />
		<Unit filename="../Object3D/SpaceObject/Planet/Planet.cpp" />
		<Unit filename="../Object3D/SpaceObject/Planet/Planet.h" />
		<Unit filename="../Object3D/SpaceObject/ShipPart/ShipPart.cpp" />
		<Unit filename="../Object3D/SpaceObject/ShipPart/ShipPart.h" />
		<Unit filename="../Object3D/SpaceObject/SpaceObject.cpp" />
		<Unit filename="../Object3D/SpaceObject/SpaceObject.h" />
		<Unit filename="../Object3D/SpaceObject/SpaceObjectGFX.cpp" />
		<Unit filename="../Object3D/SpaceObject/SpaceObjectManager.cpp" />
		<Unit filename="../Object3D/SpaceShip/AlienSpaceFighter/AlienSpaceFighter.cpp" />
		<Unit filename="../Object3D/SpaceShip/AlienSpaceFighter/AlienSpaceFighter.h" />
		<Unit filename="../Object3D/SpaceShip/AlienSpaceFighter/AlienSpaceFighterEngine.cpp" />
		<Unit filename="../Object3D/SpaceShip/AlienSpaceMotherShip/AlienSpaceMotherShip.cpp" />
		<Unit filename="../Object3D/SpaceShip/AlienSpaceMotherShip/AlienSpaceMotherShip.h" />
		<Unit filename="../Object3D/SpaceShip/AlienSpaceMotherShip/AlienSpaceMotherShipEngine.cpp" />
		<Unit filename="../Object3D/SpaceShip/EarthSpaceFighter/EarthSpaceFighter.cpp" />
		<Unit filename="../Object3D/SpaceShip/EarthSpaceFighter/EarthSpaceFighter.h" />
		<Unit filename="../Object3D/SpaceShip/EarthSpaceFighter/EarthSpaceFighterArmour.cpp" />
		<Unit filename="../Object3D/SpaceShip/EarthSpaceFighter/EarthSpaceFighterEngine.cpp" />
		<Unit filename="../Object3D/SpaceShip/EarthSpaceFighter/EarthSpaceFighterWeapon.cpp" />
		<Unit filename="../Object3D/SpaceShip/PirateShip/PirateShip.cpp" />
		<Unit filename="../Object3D/SpaceShip/PirateShip/PirateShip.h" />
		<Unit filename="../Object3D/SpaceShip/PirateShip/PirateShipEngine.cpp" />
		<Unit filename="../Object3D/SpaceShip/SpaceShip.cpp" />
		<Unit filename="../Object3D/SpaceShip/SpaceShip.h" />
		<Unit filename="../Object3D/SpaceShip/SpaceShipManager.cpp" />
		<Unit filename="../Object3D/Weapon/Weapon.cpp" />
		<Unit filename="../Object3D/Weapon/Weapon.h" />
		<Unit filename="../Object3D/Weapon/WeaponFunctions.cpp" />
		<Unit filename="../Object3D/Weapon/WeaponManager.cpp" />
		<Unit filename="../ScriptEngine/Script.cpp" />
		<Unit filename="../ScriptEngine/Script.h" />
		<Unit filename="../ScriptEngine/ScriptFunction.cpp" />
		<Unit filename="../ScriptEngine/Setup.cpp" />
		<Unit filename="../ScriptEngine/Text.cpp" />
		<Unit filename="../Struct.h" />
		<Extensions>
			<envvars />
			<code_completion />
		</Extensions>
	</Project>
</CodeBlocks_project_file>
